<Solution>
  <Project Path="Encapsulation_Homework/Encapsulation_Homework.csproj" Id="d0d171c8-b234-4028-8024-d2dbf269165a" />
  <Project Path="Method_Homework/Method_Homework.csproj" Id="05586209-a72a-4d7b-9fa9-c3384a025b3c" />
  <Project Path="Method_Homework_2/Method_Homework_2.csproj" Id="3c00e9ac-07f0-48cc-9174-44ca9ed995b3" />
  <Project Path="Project/Project.csproj" Id="2b2af525-6e6f-4953-b644-4af1ce0ea514" />
</Solution>
